// !$*UTF8*$!
{
	archiveVersion = 1;
	classes = {
	};
	objectVersion = 50;
	objects = {

/* Begin PBXBuildFile section */
		83D8936A251ECD0F00031C12 /* AppDelegate.swift in Sources */ = {isa = PBXBuildFile; fileRef = 83D89369251ECD0F00031C12 /* AppDelegate.swift */; };
		83D8936C251ECD0F00031C12 /* SceneDelegate.swift in Sources */ = {isa = PBXBuildFile; fileRef = 83D8936B251ECD0F00031C12 /* SceneDelegate.swift */; };
		83D8936E251ECD0F00031C12 /* ViewController.swift in Sources */ = {isa = PBXBuildFile; fileRef = 83D8936D251ECD0F00031C12 /* ViewController.swift */; };
		83D89371251ECD0F00031C12 /* Main.storyboard in Resources */ = {isa = PBXBuildFile; fileRef = 83D8936F251ECD0F00031C12 /* Main.storyboard */; };
		83D89373251ECD1100031C12 /* Assets.xcassets in Resources */ = {isa = PBXBuildFile; fileRef = 83D89372251ECD1100031C12 /* Assets.xcassets */; };
		83D89376251ECD1100031C12 /* LaunchScreen.storyboard in Resources */ = {isa = PBXBuildFile; fileRef = 83D89374251ECD1100031C12 /* LaunchScreen.storyboard */; };
		83D89381251ECD1100031C12 /* flixterTests.swift in Sources */ = {isa = PBXBuildFile; fileRef = 83D89380251ECD1100031C12 /* flixterTests.swift */; };
		83D8938C251ECD1100031C12 /* flixterUITests.swift in Sources */ = {isa = PBXBuildFile; fileRef = 83D8938B251ECD1100031C12 /* flixterUITests.swift */; };
/* End PBXBuildFile section */

/* Begin PBXContainerItemProxy section */
		83D8937D251ECD1100031C12 /* PBXContainerItemProxy */ = {
			isa = PBXContainerItemProxy;
			containerPortal = 83D8935E251ECD0F00031C12 /* Project object */;
			proxyType = 1;
			remoteGlobalIDString = 83D89365251ECD0F00031C12;
			remoteInfo = flixter;
		};
		83D89388251ECD1100031C12 /* PBXContainerItemProxy */ = {
			isa = PBXContainerItemProxy;
			containerPortal = 83D8935E251ECD0F00031C12 /* Project object */;
			proxyType = 1;
			remoteGlobalIDString = 83D89365251ECD0F00031C12;
			remoteInfo = flixter;
		};
/* End PBXContainerItemProxy section */

/* Begin PBXFileReference section */
		83D89366251ECD0F00031C12 /* flixter.app */ = {isa = PBXFileReference; explicitFileType = wrapper.application; includeInIndex = 0; path = flixter.app; sourceTree = BUILT_PRODUCTS_DIR; };
		83D89369251ECD0F00031C12 /* AppDelegate.swift */ = {isa = PBXFileReference; lastKnownFileType = sourcecode.swift; path = AppDelegate.swift; sourceTree = "<group>"; };
		83D8936B251ECD0F00031C12 /* SceneDelegate.swift */ = {isa = PBXFileReference; lastKnownFileType = sourcecode.swift; path = SceneDelegate.swift; sourceTree = "<group>"; };
		83D8936D251ECD0F00031C12 /* ViewController.swift */ = {isa = PBXFileReference; lastKnownFileType = sourcecode.swift; path = ViewController.swift; sourceTree = "<group>"; };
		83D89370251ECD0F00031C12 /* Base */ = {isa = PBXFileReference; lastKnownFileType = file.storyboard; name = Base; path = Base.lproj/Main.storyboard; sourceTree = "<group>"; };
		83D89372251ECD1100031C12 /* Assets.xcassets */ = {isa = PBXFileReference; lastKnownFileType = folder.assetcatalog; path = Assets.xcassets; sourceTree = "<group>"; };
		83D89375251ECD1100031C12 /* Base */ = {isa = PBXFileReference; lastKnownFileType = file.storyboard; name = Base; path = Base.lproj/LaunchScreen.storyboard; sourceTree = "<group>"; };
		83D89377251ECD1100031C12 /* Info.plist */ = {isa = PBXFileReference; lastKnownFileType = text.plist.xml; path = Info.plist; sourceTree = "<group>"; };
		83D8937C251ECD1100031C12 /* flixterTests.xctest */ = {isa = PBXFileReference; explicitFileType = wrapper.cfbundle; includeInIndex = 0; path = flixterTests.xctest; sourceTree = BUILT_PRODUCTS_DIR; };
		83D89380251ECD1100031C12 /* flixterTests.swift */ = {isa = PBXFileReference; lastKnownFileType = sourcecode.swift; path = flixterTests.swift; sourceTree = "<group>"; };
		83D89382251ECD1100031C12 /* Info.plist */ = {isa = PBXFileReference; lastKnownFileType = text.plist.xml; path = Info.plist; sourceTree = "<group>"; };
		83D89387251ECD1100031C12 /* flixterUITests.xctest */ = {isa = PBXFileReference; explicitFileType = wrapper.cfbundle; includeInIndex = 0; path = flixterUITests.xctest; sourceTree = BUILT_PRODUCTS_DIR; };
		83D8938B251ECD1100031C12 /* flixterUITests.swift */ = {isa = PBXFileReference; lastKnownFileType = sourcecode.swift; path = flixterUITests.swift; sourceTree = "<group>"; };
		83D8938D251ECD1100031C12 /* Info.plist */ = {isa = PBXFileReference; lastKnownFileType = text.plist.xml; path = Info.plist; sourceTree = "<group>"; };
/* End PBXFileReference section */

/* Begin PBXFrameworksBuildPhase section */
		83D89363251ECD0F00031C12 /* Frameworks */ = {
			isa = PBXFrameworksBuildPhase;
			buildActionMask = 2147483647;
			files = (
			);
			runOnlyForDeploymentPostprocessing = 0;
		};
		83D89379251ECD1100031C12 /* Frameworks */ = {
			isa = PBXFrameworksBuildPhase;
			buildActionMask = 2147483647;
			files = (
			);
			runOnlyForDeploymentPostprocessing = 0;
		};
		83D89384251ECD1100031C12 /* Frameworks */ = {
			isa = PBXFrameworksBuildPhase;
			buildActionMask = 2147483647;
			files = (
			);
			runOnlyForDeploymentPostprocessing = 0;
		};
/* End PBXFrameworksBuildPhase section */

/* Begin PBXGroup section */
		83D8935D251ECD0F00031C12 = {
			isa = PBXGroup;
			children = (
				83D89368251ECD0F00031C12 /* flixter */,
				83D8937F251ECD1100031C12 /* flixterTests */,
				83D8938A251ECD1100031C12 /* flixterUITests */,
				83D89367251ECD0F00031C12 /* Products */,
			);
			sourceTree = "<group>";
		};
		83D89367251ECD0F00031C12 /* Products */ = {
			isa = PBXGroup;
			children = (
				83D89366251ECD0F00031C12 /* flixter.app */,
				83D8937C251ECD1100031C12 /* flixterTests.xctest */,
				83D89387251ECD1100031C12 /* flixterUITests.xctest */,
			);
			name = Products;
			sourceTree = "<group>";
		};
		83D89368251ECD0F00031C12 /* flixter */ = {
			isa = PBXGroup;
			children = (
				83D89369251ECD0F00031C12 /* AppDelegate.swift */,
				83D8936B251ECD0F00031C12 /* SceneDelegate.swift */,
				83D8936D251ECD0F00031C12 /* ViewController.swift */,
				83D8936F251ECD0F00031C12 /* Main.storyboard */,
				83D89372251ECD1100031C12 /* Assets.xcassets */,
				83D89374251ECD1100031C12 /* LaunchScreen.storyboard */,
				83D89377251ECD1100031C12 /* Info.plist */,
			);
			path = flixter;
			sourceTree = "<group>";
		};
		83D8937F251ECD1100031C12 /* flixterTests */ = {
			isa = PBXGroup;
			children = (
				83D89380251ECD1100031C12 /* flixterTests.swift */,
				83D89382251ECD1100031C12 /* Info.plist */,
			);
			path = flixterTests;
			sourceTree = "<group>";
		};
		83D8938A251ECD1100031C12 /* flixterUITests */ = {
			isa = PBXGroup;
			children = (
				83D8938B251ECD1100031C12 /* flixterUITests.swift */,
				83D8938D251ECD1100031C12 /* Info.plist */,
			);
			path = flixterUITests;
			sourceTree = "<group>";
		};
/* End PBXGroup section */

/* Begin PBXNativeTarget section */
		83D89365251ECD0F00031C12 /* flixter */ = {
			isa = PBXNativeTarget;
			buildConfigurationList = 83D89390251ECD1100031C12 /* Build configuration list for PBXNativeTarget "flixter" */;
			buildPhases = (
				83D89362251ECD0F00031C12 /* Sources */,
				83D89363251ECD0F00031C12 /* Frameworks */,
				83D89364251ECD0F00031C12 /* Resources */,
			);
			buildRules = (
			);
			dependencies = (
			);
			name = flixter;
			productName = flixter;
			productReference = 83D89366251ECD0F00031C12 /* flixter.app */;
			productType = "com.apple.product-type.application";
		};
		83D8937B251ECD1100031C12 /* flixterTests */ = {
			isa = PBXNativeTarget;
			buildConfigurationList = 83D89393251ECD1100031C12 /* Build configuration list for PBXNativeTarget "flixterTests" */;
			buildPhases = (
				83D89378251ECD1100031C12 /* Sources */,
				83D89379251ECD1100031C12 /* Frameworks */,
				83D8937A251ECD1100031C12 /* Resources */,
			);
			buildRules = (
			);
			dependencies = (
				83D8937E251ECD1100031C12 /* PBXTargetDependency */,
			);
			name = flixterTests;
			productName = flixterTests;
			productReference = 83D8937C251ECD1100031C12 /* flixterTests.xctest */;
			productType = "com.apple.product-type.bundle.unit-test";
		};
		83D89386251ECD1100031C12 /* flixterUITests */ = {
			isa = PBXNativeTarget;
			buildConfigurationList = 83D89396251ECD1100031C12 /* Build configuration list for PBXNativeTarget "flixterUITests" */;
			buildPhases = (
				83D89383251ECD1100031C12 /* Sources */,
				83D89384251ECD1100031C12 /* Frameworks */,
				83D89385251ECD1100031C12 /* Resources */,
			);
			buildRules = (
			);
			dependencies = (
				83D89389251ECD1100031C12 /* PBXTargetDependency */,
			);
			name = flixterUITests;
			productName = flixterUITests;
			productReference = 83D89387251ECD1100031C12 /* flixterUITests.xctest */;
			productType = "com.apple.product-type.bundle.ui-testing";
		};
/* End PBXNativeTarget section */

/* Begin PBXProject section */
		83D8935E251ECD0F00031C12 /* Project object */ = {
			isa = PBXProject;
			attributes = {
				LastSwiftUpdateCheck = 1200;
				LastUpgradeCheck = 1200;
				TargetAttributes = {
					83D89365251ECD0F00031C12 = {
						CreatedOnToolsVersion = 12.0;
					};
					83D8937B251ECD1100031C12 = {
						CreatedOnToolsVersion = 12.0;
						TestTargetID = 83D89365251ECD0F00031C12;
					};
					83D89386251ECD1100031C12 = {
						CreatedOnToolsVersion = 12.0;
						TestTargetID = 83D89365251ECD0F00031C12;
					};
				};
			};
			buildConfigurationList = 83D89361251ECD0F00031C12 /* Build configuration list for PBXProject "flixter" */;
			compatibilityVersion = "Xcode 9.3";
			developmentRegion = en;
			hasScannedForEncodings = 0;
			knownRegions = (
				en,
				Base,
			);
			mainGroup = 83D8935D251ECD0F00031C12;
			productRefGroup = 83D89367251ECD0F00031C12 /* Products */;
			projectDirPath = "";
			projectRoot = "";
			targets = (
				83D89365251ECD0F00031C12 /* flixter */,
				83D8937B251ECD1100031C12 /* flixterTests */,
				83D89386251ECD1100031C12 /* flixterUITests */,
			);
		};
/* End PBXProject section */

/* Begin PBXResourcesBuildPhase section */
		83D89364251ECD0F00031C12 /* Resources */ = {
			isa = PBXResourcesBuildPhase;
			buildActionMask = 2147483647;
			files = (
				83D89376251ECD1100031C12 /* LaunchScreen.storyboard in Resources */,
				83D89373251ECD1100031C12 /* Assets.xcassets in Resources */,
				83D89371251ECD0F00031C12 /* Main.storyboard in Resources */,
			);
			runOnlyForDeploymentPostprocessing = 0;
		};
		83D8937A251ECD1100031C12 /* Resources */ = {
			isa = PBXResourcesBuildPhase;
			buildActionMask = 2147483647;
			files = (
			);
			runOnlyForDeploymentPostprocessing = 0;
		};
		83D89385251ECD1100031C12 /* Resources */ = {
			isa = PBXResourcesBuildPhase;
			buildActionMask = 2147483647;
			files = (
			);
			runOnlyForDeploymentPostprocessing = 0;
		};
/* End PBXResourcesBuildPhase section */

/* Begin PBXSourcesBuildPhase section */
		83D89362251ECD0F00031C12 /* Sources */ = {
			isa = PBXSourcesBuildPhase;
			buildActionMask = 2147483647;
			files = (
				83D8936E251ECD0F00031C12 /* ViewController.swift in Sources */,
				83D8936A251ECD0F00031C12 /* AppDelegate.swift in Sources */,
				83D8936C251ECD0F00031C12 /* SceneDelegate.swift in Sources */,
			);
			runOnlyForDeploymentPostprocessing = 0;
		};
		83D89378251ECD1100031C12 /* Sources */ = {
			isa = PBXSourcesBuildPhase;
			buildActionMask = 2147483647;
			files = (
				83D89381251ECD1100031C12 /* flixterTests.swift in Sources */,
			);
			runOnlyForDeploymentPostprocessing = 0;
		};
		83D89383251ECD1100031C12 /* Sources */ = {
			isa = PBXSourcesBuildPhase;
			buildActionMask = 2147483647;
			files = (
				83D8938C251ECD1100031C12 /* flixterUITests.swift in Sources */,
			);
			runOnlyForDeploymentPostprocessing = 0;
		};
/* End PBXSourcesBuildPhase section */

/* Begin PBXTargetDependency section */
		83D8937E251ECD1100031C12 /* PBXTargetDependency */ = {
			isa = PBXTargetDependency;
			target = 83D89365251ECD0F00031C12 /* flixter */;
			targetProxy = 83D8937D251ECD1100031C12 /* PBXContainerItemProxy */;
		};
		83D89389251ECD1100031C12 /* PBXTargetDependency */ = {
			isa = PBXTargetDependency;
			target = 83D89365251ECD0F00031C12 /* flixter */;
			targetProxy = 83D89388251ECD1100031C12 /* PBXContainerItemProxy */;
		};
/* End PBXTargetDependency section */

/* Begin PBXVariantGroup section */
		83D8936F251ECD0F00031C12 /* Main.storyboard */ = {
			isa = PBXVariantGroup;
			children = (
				83D89370251ECD0F00031C12 /* Base */,
			);
			name = Main.storyboard;
			sourceTree = "<group>";
		};
		83D89374251ECD1100031C12 /* LaunchScreen.storyboard */ = {
			isa = PBXVariantGroup;
			children = (
				83D89375251ECD1100031C12 /* Base */,
			);
			name = LaunchScreen.storyboard;
			sourceTree = "<group>";
		};
/* End PBXVariantGroup section */

/* Begin XCBuildConfiguration section */
		83D8938E251ECD1100031C12 /* Debug */ = {
			isa = XCBuildConfiguration;
			buildSettings = {
				ALWAYS_SEARCH_USER_PATHS = NO;
				CLANG_ANALYZER_NONNULL = YES;
				CLANG_ANALYZER_NUMBER_OBJECT_CONVERSION = YES_AGGRESSIVE;
				CLANG_CXX_LANGUAGE_STANDARD = "gnu++14";
				CLANG_CXX_LIBRARY = "libc++";
				CLANG_ENABLE_MODULES = YES;
				CLANG_ENABLE_OBJC_ARC = YES;
				CLANG_ENABLE_OBJC_WEAK = YES;
				CLANG_WARN_BLOCK_CAPTURE_AUTORELEASING = YES;
				CLANG_WARN_BOOL_CONVERSION = YES;
				CLANG_WARN_COMMA = YES;
				CLANG_WARN_CONSTANT_CONVERSION = YES;
				CLANG_WARN_DEPRECATED_OBJC_IMPLEMENTATIONS = YES;
				CLANG_WARN_DIRECT_OBJC_ISA_USAGE = YES_ERROR;
				CLANG_WARN_DOCUMENTATION_COMMENTS = YES;
				CLANG_WARN_EMPTY_BODY = YES;
				CLANG_WARN_ENUM_CONVERSION = YES;
				CLANG_WARN_INFINITE_RECURSION = YES;
				CLANG_WARN_INT_CONVERSION = YES;
				CLANG_WARN_NON_LITERAL_NULL_CONVERSION = YES;
				CLANG_WARN_OBJC_IMPLICIT_RETAIN_SELF = YES;
				CLANG_WARN_OBJC_LITERAL_CONVERSION = YES;
				CLANG_WARN_OBJC_ROOT_CLASS = YES_ERROR;
				CLANG_WARN_QUOTED_INCLUDE_IN_FRAMEWORK_HEADER = YES;
				CLANG_WARN_RANGE_LOOP_ANALYSIS = YES;
				CLANG_WARN_STRICT_PROTOTYPES = YES;
				CLANG_WARN_SUSPICIOUS_MOVE = YES;
				CLANG_WARN_UNGUARDED_AVAILABILITY = YES_AGGRESSIVE;
				CLANG_WARN_UNREACHABLE_CODE = YES;
				CLANG_WARN__DUPLICATE_METHOD_MATCH = YES;
				COPY_PHASE_STRIP = NO;
				DEBUG_INFORMATION_FORMAT = dwarf;
				ENABLE_STRICT_OBJC_MSGSEND = YES;
				ENABLE_TESTABILITY = YES;
				GCC_C_LANGUAGE_STANDARD = gnu11;
				GCC_DYNAMIC_NO_PIC = NO;
				GCC_NO_COMMON_BLOCKS = YES;
				GCC_OPTIMIZATION_LEVEL = 0;
				GCC_PREPROCESSOR_DEFINITIONS = (
					"DEBUG=1",
					"$(inherited)",
				);
				GCC_WARN_64_TO_32_BIT_CONVERSION = YES;
				GCC_WARN_ABOUT_RETURN_TYPE = YES_ERROR;
				GCC_WARN_UNDECLARED_SELECTOR = YES;
				GCC_WARN_UNINITIALIZED_AUTOS = YES_AGGRESSIVE;
				GCC_WARN_UNUSED_FUNCTION = YES;
				GCC_WARN_UNUSED_VARIABLE = YES;
				IPHONEOS_DEPLOYMENT_TARGET = 14.0;
				MTL_ENABLE_DEBUG_INFO = INCLUDE_SOURCE;
				MTL_FAST_MATH = YES;
				ONLY_ACTIVE_ARCH = YES;
				SDKROOT = iphoneos;
				SWIFT_ACTIVE_COMPILATION_CONDITIONS = DEBUG;
				SWIFT_OPTIMIZATION_LEVEL = "-Onone";
			};
			name = Debug;
		};
		83D8938F251ECD1100031C12 /* Release */ = {
			isa = XCBuildConfiguration;
			buildSettings = {
				ALWAYS_SEARCH_USER_PATHS = NO;
				CLANG_ANALYZER_NONNULL = YES;
				CLANG_ANALYZER_NUMBER_OBJECT_CONVERSION = YES_AGGRESSIVE;
				CLANG_CXX_LANGUAGE_STANDARD = "gnu++14";
				CLANG_CXX_LIBRARY = "libc++";
				CLANG_ENABLE_MODULES = YES;
				CLANG_ENABLE_OBJC_ARC = YES;
				CLANG_ENABLE_OBJC_WEAK = YES;
				CLANG_WARN_BLOCK_CAPTURE_AUTORELEASING = YES;
				CLANG_WARN_BOOL_CONVERSION = YES;
				CLANG_WARN_COMMA = YES;
				CLANG_WARN_CONSTANT_CONVERSION = YES;
				CLANG_WARN_DEPRECATED_OBJC_IMPLEMENTATIONS = YES;
				CLANG_WARN_DIRECT_OBJC_ISA_USAGE = YES_ERROR;
				CLANG_WARN_DOCUMENTATION_COMMENTS = YES;
				CLANG_WARN_EMPTY_BODY = YES;
				CLANG_WARN_ENUM_CONVERSION = YES;
				CLANG_WARN_INFINITE_RECURSION = YES;
				CLANG_WARN_INT_CONVERSION = YES;
				CLANG_WARN_NON_LITERAL_NULL_CONVERSION = YES;
				CLANG_WARN_OBJC_IMPLICIT_RETAIN_SELF = YES;
				CLANG_WARN_OBJC_LITERAL_CONVERSION = YES;
				CLANG_WARN_OBJC_ROOT_CLASS = YES_ERROR;
				CLANG_WARN_QUOTED_INCLUDE_IN_FRAMEWORK_HEADER = YES;
				CLANG_WARN_RANGE_LOOP_ANALYSIS = YES;
				CLANG_WARN_STRICT_PROTOTYPES = YES;
				CLANG_WARN_SUSPICIOUS_MOVE = YES;
				CLANG_WARN_UNGUARDED_AVAILABILITY = YES_AGGRESSIVE;
				CLANG_WARN_UNREACHABLE_CODE = YES;
				CLANG_WARN__DUPLICATE_METHOD_MATCH = YES;
				COPY_PHASE_STRIP = NO;
				DEBUG_INFORMATION_FORMAT = "dwarf-with-dsym";
				ENABLE_NS_ASSERTIONS = NO;
				ENABLE_STRICT_OBJC_MSGSEND = YES;
				GCC_C_LANGUAGE_STANDARD = gnu11;
				GCC_NO_COMMON_BLOCKS = YES;
				GCC_WARN_64_TO_32_BIT_CONVERSION = YES;
				GCC_WARN_ABOUT_RETURN_TYPE = YES_ERROR;
				GCC_WARN_UNDECLARED_SELECTOR = YES;
				GCC_WARN_UNINITIALIZED_AUTOS = YES_AGGRESSIVE;
				GCC_WARN_UNUSED_FUNCTION = YES;
				GCC_WARN_UNUSED_VARIABLE = YES;
				IPHONEOS_DEPLOYMENT_TARGET = 14.0;
				MTL_ENABLE_DEBUG_INFO = NO;
				MTL_FAST_MATH = YES;
				SDKROOT = iphoneos;
				SWIFT_COMPILATION_MODE = wholemodule;
				SWIFT_OPTIMIZATION_LEVEL = "-O";
				VALIDATE_PRODUCT = YES;
			};
			name = Release;
		};
		83D89391251ECD1100031C12 /* Debug */ = {
			isa = XCBuildConfiguration;
			buildSettings = {
				ASSETCATALOG_COMPILER_APPICON_NAME = AppIcon;
				ASSETCATALOG_COMPILER_GLOBAL_ACCENT_COLOR_NAME = AccentColor;
				CODE_SIGN_STYLE = Automatic;
				INFOPLIST_FILE = flixter/Info.plist;
				LD_RUNPATH_SEARCH_PATHS = (
					"$(inherited)",
					"@executable_path/Frameworks",
				);
				PRODUCT_BUNDLE_IDENTIFIER = "Maria-Cordero.flixter";
				PRODUCT_NAME = "$(TARGET_NAME)";
				SWIFT_VERSION = 5.0;
				TARGETED_DEVICE_FAMILY = "1,2";
			};
			name = Debug;
		};
		83D89392251ECD1100031C12 /* Release */ = {
			isa = XCBuildConfiguration;
			buildSettings = {
				ASSETCATALOG_COMPILER_APPICON_NAME = AppIcon;
				ASSETCATALOG_COMPILER_GLOBAL_ACCENT_COLOR_NAME = AccentColor;
				CODE_SIGN_STYLE = Automatic;
				INFOPLIST_FILE = flixter/Info.plist;
				LD_RUNPATH_SEARCH_PATHS = (
					"$(inherited)",
					"@executable_path/Frameworks",
				);
				PRODUCT_BUNDLE_IDENTIFIER = "Maria-Cordero.flixter";
				PRODUCT_NAME = "$(TARGET_NAME)";
				SWIFT_VERSION = 5.0;
				TARGETED_DEVICE_FAMILY = "1,2";
			};
			name = Release;
		};
		83D89394251ECD1100031C12 /* Debug */ = {
			isa = XCBuildConfiguration;
			buildSettings = {
				ALWAYS_EMBED_SWIFT_STANDARD_LIBRARIES = YES;
				BUNDLE_LOADER = "$(TEST_HOST)";
				CODE_SIGN_STYLE = Automatic;
				INFOPLIST_FILE = flixterTests/Info.plist;
				IPHONEOS_DEPLOYMENT_TARGET = 14.0;
				LD_RUNPATH_SEARCH_PATHS = (
					"$(inherited)",
					"@executable_path/Frameworks",
					"@loader_path/Frameworks",
				);
				PRODUCT_BUNDLE_IDENTIFIER = "Maria-Cordero.flixterTests";
				PRODUCT_NAME = "$(TARGET_NAME)";
				SWIFT_VERSION = 5.0;
				TARGETED_DEVICE_FAMILY = "1,2";
				TEST_HOST = "$(BUILT_PRODUCTS_DIR)/flixter.app/flixter";
			};
			name = Debug;
		};
		83D89395251ECD1100031C12 /* Release */ = {
			isa = XCBuildConfiguration;
			buildSettings = {
				ALWAYS_EMBED_SWIFT_STANDARD_LIBRARIES = YES;
				BUNDLE_LOADER = "$(TEST_HOST)";
				CODE_SIGN_STYLE = Automatic;
				INFOPLIST_FILE = flixterTests/Info.plist;
				IPHONEOS_DEPLOYMENT_TARGET = 14.0;
				LD_RUNPATH_SEARCH_PATHS = (
					"$(inherited)",
					"@executable_path/Frameworks",
					"@loader_path/Frameworks",
				);
				PRODUCT_BUNDLE_IDENTIFIER = "Maria-Cordero.flixterTests";
				PRODUCT_NAME = "$(TARGET_NAME)";
				SWIFT_VERSION = 5.0;
				TARGETED_DEVICE_FAMILY = "1,2";
				TEST_HOST = "$(BUILT_PRODUCTS_DIR)/flixter.app/flixter";
			};
			name = Release;
		};
		83D89397251ECD1100031C12 /* Debug */ = {
			isa = XCBuildConfiguration;
			buildSettings = {
				ALWAYS_EMBED_SWIFT_STANDARD_LIBRARIES = YES;
				CODE_SIGN_STYLE = Automatic;
				INFOPLIST_FILE = flixterUITests/Info.plist;
				LD_RUNPATH_SEARCH_PATHS = (
					"$(inherited)",
					"@executable_path/Frameworks",
					"@loader_path/Frameworks",
				);
				PRODUCT_BUNDLE_IDENTIFIER = "Maria-Cordero.flixterUITests";
				PRODUCT_NAME = "$(TARGET_NAME)";
				SWIFT_VERSION = 5.0;
				TARGETED_DEVICE_FAMILY = "1,2";
				TEST_TARGET_NAME = flixter;
			};
			name = Debug;
		};
		83D89398251ECD1100031C12 /* Release */ = {
			isa = XCBuildConfiguration;
			buildSettings = {
				ALWAYS_EMBED_SWIFT_STANDARD_LIBRARIES = YES;
				CODE_SIGN_STYLE = Automatic;
				INFOPLIST_FILE = flixterUITests/Info.plist;
				LD_RUNPATH_SEARCH_PATHS = (
					"$(inherited)",
					"@executable_path/Frameworks",
					"@loader_path/Frameworks",
				);
				PRODUCT_BUNDLE_IDENTIFIER = "Maria-Cordero.flixterUITests";
				PRODUCT_NAME = "$(TARGET_NAME)";
				SWIFT_VERSION = 5.0;
				TARGETED_DEVICE_FAMILY = "1,2";
				TEST_TARGET_NAME = flixter;
			};
			name = Release;
		};
/* End XCBuildConfiguration section */

/* Begin XCConfigurationList section */
		83D89361251ECD0F00031C12 /* Build configuration list for PBXProject "flixter" */ = {
			isa = XCConfigurationList;
			buildConfigurations = (
				83D8938E251ECD1100031C12 /* Debug */,
				83D8938F251ECD1100031C12 /* Release */,
			);
			defaultConfigurationIsVisible = 0;
			defaultConfigurationName = Release;
		};
		83D89390251ECD1100031C12 /* Build configuration list for PBXNativeTarget "flixter" */ = {
			isa = XCConfigurationList;
			buildConfigurations = (
				83D89391251ECD1100031C12 /* Debug */,
				83D89392251ECD1100031C12 /* Release */,
			);
			defaultConfigurationIsVisible = 0;
			defaultConfigurationName = Release;
		};
		83D89393251ECD1100031C12 /* Build configuration list for PBXNativeTarget "flixterTests" */ = {
			isa = XCConfigurationList;
			buildConfigurations = (
				83D89394251ECD1100031C12 /* Debug */,
				83D89395251ECD1100031C12 /* Release */,
			);
			defaultConfigurationIsVisible = 0;
			defaultConfigurationName = Release;
		};
		83D89396251ECD1100031C12 /* Build configuration list for PBXNativeTarget "flixterUITests" */ = {
			isa = XCConfigurationList;
			buildConfigurations = (
				83D89397251ECD1100031C12 /* Debug */,
				83D89398251ECD1100031C12 /* Release */,
			);
			defaultConfigurationIsVisible = 0;
			defaultConfigurationName = Release;
		};
/* End XCConfigurationList section */
	};
	rootObject = 83D8935E251ECD0F00031C12 /* Project object */;
}
